go.structs.dev/gen v0.0.0-20211222000857-ee08c021867b h1:mHefbdehxL1knFIiDZgVEBXTuX4trQWiWmmuwYN7w6I=
go.structs.dev/gen v0.0.0-20211222000857-ee08c021867b/go.mod h1:Y1KXGuqAQdeL0G485oZzpgVwVZ4x+/7/ViNdQJuINo4=
go.structs.dev/gen v0.0.0-20211222101246-cfab69334e2a h1:/WARnbsOwHVmrWkUqV47aJFIwOjSi8X9veQuCyWfUBc=
go.structs.dev/gen v0.0.0-20211222101246-cfab69334e2a/go.mod h1:Y1KXGuqAQdeL0G485oZzpgVwVZ4x+/7/ViNdQJuINo4=
go.structs.dev/gen v0.0.0-20211222120430-9fde850148d1 h1:l8Kt4BXjoTfwBDZ8qWanHf2m9E0fbcnDOyG8v5zxqio=
go.structs.dev/gen v0.0.0-20211222120430-9fde850148d1/go.mod h1:Y1KXGuqAQdeL0G485oZzpgVwVZ4x+/7/ViNdQJuINo4=
go.structs.dev/gen v0.0.0-20211222205854-0ab8b615977b h1:z+6XzvhzYRAMm8Rvzo5DZ++YcetdhFtWA/KlA2tP9P0=
go.structs.dev/gen v0.0.0-20211222205854-0ab8b615977b/go.mod h1:Y1KXGuqAQdeL0G485oZzpgVwVZ4x+/7/ViNdQJuINo4=
go.structs.dev/gen v0.0.0-20220115233915-1dbfb098b311 h1:SP1OV5EqEZjrl1gaIURtX3FstI/6B5iUxYgoXm3XCSg=
go.structs.dev/gen v0.0.0-20220115233915-1dbfb098b311/go.mod h1:Y1KXGuqAQdeL0G485oZzpgVwVZ4x+/7/ViNdQJuINo4=
go.structs.dev/gen v0.0.0-20220116003018-c58442d64fa1 h1:gWXGC1W68K1oB57xCaIZp332lFbhr4mztBVAnmPtCG0=
go.structs.dev/gen v0.0.0-20220116003018-c58442d64fa1/go.mod h1:Y1KXGuqAQdeL0G485oZzpgVwVZ4x+/7/ViNdQJuINo4=
go.structs.dev/gen v1.0.0 h1:CpFv34e1bEwWl7ZVWA5Ufp963lcJLe9+ZaXECzYry9E=
go.structs.dev/gen v1.0.0/go.mod h1:Y1KXGuqAQdeL0G485oZzpgVwVZ4x+/7/ViNdQJuINo4=
