go.structs.dev/gen v0.0.0-20211222000857-ee08c021867b h1:mHefbdehxL1knFIiDZgVEBXTuX4trQWiWmmuwYN7w6I=
go.structs.dev/gen v0.0.0-20211222000857-ee08c021867b/go.mod h1:Y1KXGuqAQdeL0G485oZzpgVwVZ4x+/7/ViNdQJuINo4=
go.structs.dev/gen v0.0.0-20211222101246-cfab69334e2a h1:/WARnbsOwHVmrWkUqV47aJFIwOjSi8X9veQuCyWfUBc=
go.structs.dev/gen v0.0.0-20211222101246-cfab69334e2a/go.mod h1:Y1KXGuqAQdeL0G485oZzpgVwVZ4x+/7/ViNdQJuINo4=
